<?xml version="1.0" encoding="utf-8"?>
<Project ToolsVersion="4.0" xmlns="http://schemas.microsoft.com/developer/msbuild/2003">
  <ItemGroup>
    <Filter Include="Source Files">
      <UniqueIdentifier>{4FC737F1-C7A5-4376-A066-2A32D752A2FF}</UniqueIdentifier>
      <Extensions>cpp;c;cc;cxx;def;odl;idl;hpj;bat;asm;asmx</Extensions>
    </Filter>
    <Filter Include="Header Files">
      <UniqueIdentifier>{93995380-89BD-4b04-88EB-625FBE52EBFB}</UniqueIdentifier>
      <Extensions>h;hh;hpp;hxx;hm;inl;inc;xsd</Extensions>
    </Filter>
    <Filter Include="Resource Files">
      <UniqueIdentifier>{67DA6AB6-F800-4c08-8B7A-83BB121AAD01}</UniqueIdentifier>
      <Extensions>rc;ico;cur;bmp;dlg;rc2;rct;bin;rgs;gif;jpg;jpeg;jpe;resx;tiff;tif;png;wav;mfcribbon-ms</Extensions>
    </Filter>
  </ItemGroup>
  <ItemGroup>
    <ClCompile Include="main.cpp">
      <Filter>Source Files</Filter>
    </ClCompile>
    <ClCompile Include="process\process_compute_min_max.cpp">
      <Filter>Source Files</Filter>
    </ClCompile>
    <ClCompile Include="process\process_debug_render_mesh_to_tga.cpp">
      <Filter>Source Files</Filter>
    </ClCompile>
    <ClCompile Include="process\process_optimize_mesh.cpp">
      <Filter>Source Files</Filter>
    </ClCompile>
    <ClCompile Include="process\process_output_svg.cpp">
      <Filter>Source Files</Filter>
    </ClCompile>
    <ClCompile Include="process\process_remove_degenerate_triangle.cpp">
      <Filter>Source Files</Filter>
    </ClCompile>
    <ClCompile Include="process\process_split_triangle_by_material.cpp">
      <Filter>Source Files</Filter>
    </ClCompile>
    <ClCompile Include="process\process_transform_points.cpp">
      <Filter>Source Files</Filter>
    </ClCompile>
    <ClCompile Include="process\process_triangle_occlusion.cpp">
      <Filter>Source Files</Filter>
    </ClCompile>
    <ClCompile Include="externals\tiny_obj_loader.cc">
      <Filter>Source Files</Filter>
    </ClCompile>
    <ClCompile Include="process\process_generate_triangle_list.cpp">
      <Filter>Source Files</Filter>
    </ClCompile>
    <ClCompile Include="process\process_load_obj.cpp">
      <Filter>Source Files</Filter>
    </ClCompile>
    <ClCompile Include="process\process_backface_culling.cpp">
      <Filter>Source Files</Filter>
    </ClCompile>
  </ItemGroup>
  <ItemGroup>
    <ClInclude Include="externals\json.hpp">
      <Filter>Header Files</Filter>
    </ClInclude>
    <ClInclude Include="externals\stb_image_write.h">
      <Filter>Header Files</Filter>
    </ClInclude>
    <ClInclude Include="externals\tiny_obj_loader.h">
      <Filter>Header Files</Filter>
    </ClInclude>
    <ClInclude Include="libs\rasterizer.h">
      <Filter>Header Files</Filter>
    </ClInclude>
    <ClInclude Include="libs\v3.h">
      <Filter>Header Files</Filter>
    </ClInclude>
    <ClInclude Include="process\process.h">
      <Filter>Header Files</Filter>
    </ClInclude>
  </ItemGroup>
</Project>